
Microsoft Visual Studio Solution File, Format Version 12.00
# Visual Studio Version 16
VisualStudioVersion = 16.0.30114.105
MinimumVisualStudioVersion = 10.0.40219.1
Project("{FAE04EC0-301F-11D3-BF4B-00C04F79EFBC}") = "Connect.ApiBrowser.Core", "Server\Core\Connect.ApiBrowser.Core.csproj", "{844E1609-22D1-4864-B205-9E31E5223BE3}"
EndProject
Project("{FAE04EC0-301F-11D3-BF4B-00C04F79EFBC}") = "Connect.ApiBrowser", "Server\ApiBrowser\Connect.ApiBrowser.csproj", "{EC9A69D5-B635-47EF-9BF3-48A7D57F85BB}"
EndProject
Global
	GlobalSection(SolutionConfigurationPlatforms) = preSolution
		Debug|Any CPU = Debug|Any CPU
		Debug|x64 = Debug|x64
		Debug|x86 = Debug|x86
		Release|Any CPU = Release|Any CPU
		Release|x64 = Release|x64
		Release|x86 = Release|x86
	EndGlobalSection
	GlobalSection(ProjectConfigurationPlatforms) = postSolution
		{844E1609-22D1-4864-B205-9E31E5223BE3}.Debug|Any CPU.ActiveCfg = Debug|Any CPU
		{844E1609-22D1-4864-B205-9E31E5223BE3}.Debug|Any CPU.Build.0 = Debug|Any CPU
		{844E1609-22D1-4864-B205-9E31E5223BE3}.Debug|x64.ActiveCfg = Debug|Any CPU
		{844E1609-22D1-4864-B205-9E31E5223BE3}.Debug|x64.Build.0 = Debug|Any CPU
		{844E1609-22D1-4864-B205-9E31E5223BE3}.Debug|x86.ActiveCfg = Debug|Any CPU
		{844E1609-22D1-4864-B205-9E31E5223BE3}.Debug|x86.Build.0 = Debug|Any CPU
		{844E1609-22D1-4864-B205-9E31E5223BE3}.Release|Any CPU.ActiveCfg = Release|Any CPU
		{844E1609-22D1-4864-B205-9E31E5223BE3}.Release|Any CPU.Build.0 = Release|Any CPU
		{844E1609-22D1-4864-B205-9E31E5223BE3}.Release|x64.ActiveCfg = Release|Any CPU
		{844E1609-22D1-4864-B205-9E31E5223BE3}.Release|x64.Build.0 = Release|Any CPU
		{844E1609-22D1-4864-B205-9E31E5223BE3}.Release|x86.ActiveCfg = Release|Any CPU
		{844E1609-22D1-4864-B205-9E31E5223BE3}.Release|x86.Build.0 = Release|Any CPU
		{EC9A69D5-B635-47EF-9BF3-48A7D57F85BB}.Debug|Any CPU.ActiveCfg = Debug|Any CPU
		{EC9A69D5-B635-47EF-9BF3-48A7D57F85BB}.Debug|Any CPU.Build.0 = Debug|Any CPU
		{EC9A69D5-B635-47EF-9BF3-48A7D57F85BB}.Debug|x64.ActiveCfg = Debug|Any CPU
		{EC9A69D5-B635-47EF-9BF3-48A7D57F85BB}.Debug|x64.Build.0 = Debug|Any CPU
		{EC9A69D5-B635-47EF-9BF3-48A7D57F85BB}.Debug|x86.ActiveCfg = Debug|Any CPU
		{EC9A69D5-B635-47EF-9BF3-48A7D57F85BB}.Debug|x86.Build.0 = Debug|Any CPU
		{EC9A69D5-B635-47EF-9BF3-48A7D57F85BB}.Release|Any CPU.ActiveCfg = Release|Any CPU
		{EC9A69D5-B635-47EF-9BF3-48A7D57F85BB}.Release|Any CPU.Build.0 = Release|Any CPU
		{EC9A69D5-B635-47EF-9BF3-48A7D57F85BB}.Release|x64.ActiveCfg = Release|Any CPU
		{EC9A69D5-B635-47EF-9BF3-48A7D57F85BB}.Release|x64.Build.0 = Release|Any CPU
		{EC9A69D5-B635-47EF-9BF3-48A7D57F85BB}.Release|x86.ActiveCfg = Release|Any CPU
		{EC9A69D5-B635-47EF-9BF3-48A7D57F85BB}.Release|x86.Build.0 = Release|Any CPU
	EndGlobalSection
	GlobalSection(SolutionProperties) = preSolution
		HideSolutionNode = FALSE
	EndGlobalSection
	GlobalSection(ExtensibilityGlobals) = postSolution
		SolutionGuid = {4D5F587E-6205-4EAD-97A7-557D63359BF9}
	EndGlobalSection
EndGlobal
